// !$*UTF8*$!
{
	archiveVersion = 1;
	classes = {
	};
	objectVersion = 51;
	objects = {

/* Begin PBXBuildFile section */
		456F8E01243CC12B007814FC /* AppDelegate.swift in Sources */ = {isa = PBXBuildFile; fileRef = 456F8E00243CC12B007814FC /* AppDelegate.swift */; };
		456F8E03243CC12B007814FC /* SceneDelegate.swift in Sources */ = {isa = PBXBuildFile; fileRef = 456F8E02243CC12B007814FC /* SceneDelegate.swift */; };
		456F8E0A243CC12D007814FC /* Assets.xcassets in Resources */ = {isa = PBXBuildFile; fileRef = 456F8E09243CC12D007814FC /* Assets.xcassets */; };
		456F8E0D243CC12D007814FC /* LaunchScreen.storyboard in Resources */ = {isa = PBXBuildFile; fileRef = 456F8E0B243CC12D007814FC /* LaunchScreen.storyboard */; };
		456F8E15243CD154007814FC /* PhotoListVC.swift in Sources */ = {isa = PBXBuildFile; fileRef = 456F8E14243CD154007814FC /* PhotoListVC.swift */; };
		456F8E17243CDF8E007814FC /* PhotoCell.swift in Sources */ = {isa = PBXBuildFile; fileRef = 456F8E16243CDF8E007814FC /* PhotoCell.swift */; };
		45F63E48243CE7CB00B2AFA9 /* UIImageView+Ext.swift in Sources */ = {isa = PBXBuildFile; fileRef = 45F63E47243CE7CB00B2AFA9 /* UIImageView+Ext.swift */; };
		45F63E4A243CEB7700B2AFA9 /* Photo.swift in Sources */ = {isa = PBXBuildFile; fileRef = 45F63E49243CEB7700B2AFA9 /* Photo.swift */; };
		45F63E4C243CEC1600B2AFA9 /* PhotoService.swift in Sources */ = {isa = PBXBuildFile; fileRef = 45F63E4B243CEC1600B2AFA9 /* PhotoService.swift */; };
		45F63E4E243CF17000B2AFA9 /* Constants.swift in Sources */ = {isa = PBXBuildFile; fileRef = 45F63E4D243CF17000B2AFA9 /* Constants.swift */; };
		45F63E50243CF25400B2AFA9 /* RealmService.swift in Sources */ = {isa = PBXBuildFile; fileRef = 45F63E4F243CF25400B2AFA9 /* RealmService.swift */; };
		45F63E52243DA6BB00B2AFA9 /* UIView+Ext.swift in Sources */ = {isa = PBXBuildFile; fileRef = 45F63E51243DA6BB00B2AFA9 /* UIView+Ext.swift */; };
		45F63E54243DB71A00B2AFA9 /* Router.swift in Sources */ = {isa = PBXBuildFile; fileRef = 45F63E53243DB71A00B2AFA9 /* Router.swift */; };
		45F63E5E243DBB8700B2AFA9 /* UILabel+Ext.swift in Sources */ = {isa = PBXBuildFile; fileRef = 45F63E5D243DBB8700B2AFA9 /* UILabel+Ext.swift */; };
		E6F6C69CFA9BF6932C11E9CD /* Pods_MovaTakeHomeProject.framework in Frameworks */ = {isa = PBXBuildFile; fileRef = FDA60DABACEC1A3E964139B2 /* Pods_MovaTakeHomeProject.framework */; };
/* End PBXBuildFile section */

/* Begin PBXFileReference section */
		456F8DFD243CC12B007814FC /* MovaTakeHomeProject.app */ = {isa = PBXFileReference; explicitFileType = wrapper.application; includeInIndex = 0; path = MovaTakeHomeProject.app; sourceTree = BUILT_PRODUCTS_DIR; };
		456F8E00243CC12B007814FC /* AppDelegate.swift */ = {isa = PBXFileReference; lastKnownFileType = sourcecode.swift; path = AppDelegate.swift; sourceTree = "<group>"; };
		456F8E02243CC12B007814FC /* SceneDelegate.swift */ = {isa = PBXFileReference; lastKnownFileType = sourcecode.swift; path = SceneDelegate.swift; sourceTree = "<group>"; };
		456F8E09243CC12D007814FC /* Assets.xcassets */ = {isa = PBXFileReference; lastKnownFileType = folder.assetcatalog; path = Assets.xcassets; sourceTree = "<group>"; };
		456F8E0C243CC12D007814FC /* Base */ = {isa = PBXFileReference; lastKnownFileType = file.storyboard; name = Base; path = Base.lproj/LaunchScreen.storyboard; sourceTree = "<group>"; };
		456F8E0E243CC12D007814FC /* Info.plist */ = {isa = PBXFileReference; lastKnownFileType = text.plist.xml; path = Info.plist; sourceTree = "<group>"; };
		456F8E14243CD154007814FC /* PhotoListVC.swift */ = {isa = PBXFileReference; lastKnownFileType = sourcecode.swift; path = PhotoListVC.swift; sourceTree = "<group>"; };
		456F8E16243CDF8E007814FC /* PhotoCell.swift */ = {isa = PBXFileReference; lastKnownFileType = sourcecode.swift; path = PhotoCell.swift; sourceTree = "<group>"; };
		45F63E47243CE7CB00B2AFA9 /* UIImageView+Ext.swift */ = {isa = PBXFileReference; lastKnownFileType = sourcecode.swift; path = "UIImageView+Ext.swift"; sourceTree = "<group>"; };
		45F63E49243CEB7700B2AFA9 /* Photo.swift */ = {isa = PBXFileReference; lastKnownFileType = sourcecode.swift; path = Photo.swift; sourceTree = "<group>"; };
		45F63E4B243CEC1600B2AFA9 /* PhotoService.swift */ = {isa = PBXFileReference; lastKnownFileType = sourcecode.swift; path = PhotoService.swift; sourceTree = "<group>"; };
		45F63E4D243CF17000B2AFA9 /* Constants.swift */ = {isa = PBXFileReference; lastKnownFileType = sourcecode.swift; path = Constants.swift; sourceTree = "<group>"; };
		45F63E4F243CF25400B2AFA9 /* RealmService.swift */ = {isa = PBXFileReference; lastKnownFileType = sourcecode.swift; path = RealmService.swift; sourceTree = "<group>"; };
		45F63E51243DA6BB00B2AFA9 /* UIView+Ext.swift */ = {isa = PBXFileReference; lastKnownFileType = sourcecode.swift; path = "UIView+Ext.swift"; sourceTree = "<group>"; };
		45F63E53243DB71A00B2AFA9 /* Router.swift */ = {isa = PBXFileReference; lastKnownFileType = sourcecode.swift; path = Router.swift; sourceTree = "<group>"; };
		45F63E5D243DBB8700B2AFA9 /* UILabel+Ext.swift */ = {isa = PBXFileReference; lastKnownFileType = sourcecode.swift; path = "UILabel+Ext.swift"; sourceTree = "<group>"; };
		E0EF48B0E430A419FFFAC629 /* Pods-MovaTakeHomeProject.release.xcconfig */ = {isa = PBXFileReference; includeInIndex = 1; lastKnownFileType = text.xcconfig; name = "Pods-MovaTakeHomeProject.release.xcconfig"; path = "Target Support Files/Pods-MovaTakeHomeProject/Pods-MovaTakeHomeProject.release.xcconfig"; sourceTree = "<group>"; };
		E4FAD9A16B48BC6406C2B5DF /* Pods-MovaTakeHomeProject.debug.xcconfig */ = {isa = PBXFileReference; includeInIndex = 1; lastKnownFileType = text.xcconfig; name = "Pods-MovaTakeHomeProject.debug.xcconfig"; path = "Target Support Files/Pods-MovaTakeHomeProject/Pods-MovaTakeHomeProject.debug.xcconfig"; sourceTree = "<group>"; };
		FDA60DABACEC1A3E964139B2 /* Pods_MovaTakeHomeProject.framework */ = {isa = PBXFileReference; explicitFileType = wrapper.framework; includeInIndex = 0; path = Pods_MovaTakeHomeProject.framework; sourceTree = BUILT_PRODUCTS_DIR; };
/* End PBXFileReference section */

/* Begin PBXFrameworksBuildPhase section */
		456F8DFA243CC12B007814FC /* Frameworks */ = {
			isa = PBXFrameworksBuildPhase;
			buildActionMask = 2147483647;
			files = (
				E6F6C69CFA9BF6932C11E9CD /* Pods_MovaTakeHomeProject.framework in Frameworks */,
			);
			runOnlyForDeploymentPostprocessing = 0;
		};
/* End PBXFrameworksBuildPhase section */

/* Begin PBXGroup section */
		456F8DF4243CC12B007814FC = {
			isa = PBXGroup;
			children = (
				456F8DFF243CC12B007814FC /* MovaTakeHomeProject */,
				456F8DFE243CC12B007814FC /* Products */,
				AAEDFBCFAE0C278E6E1514A4 /* Pods */,
				64B4F3B5BE6311D4BA042B5C /* Frameworks */,
			);
			sourceTree = "<group>";
		};
		456F8DFE243CC12B007814FC /* Products */ = {
			isa = PBXGroup;
			children = (
				456F8DFD243CC12B007814FC /* MovaTakeHomeProject.app */,
			);
			name = Products;
			sourceTree = "<group>";
		};
		456F8DFF243CC12B007814FC /* MovaTakeHomeProject */ = {
			isa = PBXGroup;
			children = (
				45F63E55243DB7F900B2AFA9 /* Model */,
				45F63E56243DB80300B2AFA9 /* Service */,
				45F63E57243DB80E00B2AFA9 /* UI */,
				45F63E53243DB71A00B2AFA9 /* Router.swift */,
				456F8E00243CC12B007814FC /* AppDelegate.swift */,
				456F8E02243CC12B007814FC /* SceneDelegate.swift */,
				456F8E09243CC12D007814FC /* Assets.xcassets */,
				456F8E0B243CC12D007814FC /* LaunchScreen.storyboard */,
				456F8E0E243CC12D007814FC /* Info.plist */,
			);
			path = MovaTakeHomeProject;
			sourceTree = "<group>";
		};
		45F63E55243DB7F900B2AFA9 /* Model */ = {
			isa = PBXGroup;
			children = (
				45F63E58243DB82B00B2AFA9 /* Models */,
				45F63E59243DB83100B2AFA9 /* Utils */,
			);
			path = Model;
			sourceTree = "<group>";
		};
		45F63E56243DB80300B2AFA9 /* Service */ = {
			isa = PBXGroup;
			children = (
				45F63E4B243CEC1600B2AFA9 /* PhotoService.swift */,
				45F63E4F243CF25400B2AFA9 /* RealmService.swift */,
			);
			path = Service;
			sourceTree = "<group>";
		};
		45F63E57243DB80E00B2AFA9 /* UI */ = {
			isa = PBXGroup;
			children = (
				45F63E5B243DB8AD00B2AFA9 /* Ptoho */,
			);
			path = UI;
			sourceTree = "<group>";
		};
		45F63E58243DB82B00B2AFA9 /* Models */ = {
			isa = PBXGroup;
			children = (
				45F63E49243CEB7700B2AFA9 /* Photo.swift */,
			);
			path = Models;
			sourceTree = "<group>";
		};
		45F63E59243DB83100B2AFA9 /* Utils */ = {
			isa = PBXGroup;
			children = (
				45F63E4D243CF17000B2AFA9 /* Constants.swift */,
				45F63E5A243DB85600B2AFA9 /* Extensions */,
			);
			path = Utils;
			sourceTree = "<group>";
		};
		45F63E5A243DB85600B2AFA9 /* Extensions */ = {
			isa = PBXGroup;
			children = (
				45F63E47243CE7CB00B2AFA9 /* UIImageView+Ext.swift */,
				45F63E51243DA6BB00B2AFA9 /* UIView+Ext.swift */,
				45F63E5D243DBB8700B2AFA9 /* UILabel+Ext.swift */,
			);
			path = Extensions;
			sourceTree = "<group>";
		};
		45F63E5B243DB8AD00B2AFA9 /* Ptoho */ = {
			isa = PBXGroup;
			children = (
				456F8E14243CD154007814FC /* PhotoListVC.swift */,
				45F63E5C243DB8B700B2AFA9 /* Cells */,
			);
			path = Ptoho;
			sourceTree = "<group>";
		};
		45F63E5C243DB8B700B2AFA9 /* Cells */ = {
			isa = PBXGroup;
			children = (
				456F8E16243CDF8E007814FC /* PhotoCell.swift */,
			);
			path = Cells;
			sourceTree = "<group>";
		};
		64B4F3B5BE6311D4BA042B5C /* Frameworks */ = {
			isa = PBXGroup;
			children = (
				FDA60DABACEC1A3E964139B2 /* Pods_MovaTakeHomeProject.framework */,
			);
			name = Frameworks;
			sourceTree = "<group>";
		};
		AAEDFBCFAE0C278E6E1514A4 /* Pods */ = {
			isa = PBXGroup;
			children = (
				E4FAD9A16B48BC6406C2B5DF /* Pods-MovaTakeHomeProject.debug.xcconfig */,
				E0EF48B0E430A419FFFAC629 /* Pods-MovaTakeHomeProject.release.xcconfig */,
			);
			path = Pods;
			sourceTree = "<group>";
		};
/* End PBXGroup section */

/* Begin PBXNativeTarget section */
		456F8DFC243CC12B007814FC /* MovaTakeHomeProject */ = {
			isa = PBXNativeTarget;
			buildConfigurationList = 456F8E11243CC12D007814FC /* Build configuration list for PBXNativeTarget "MovaTakeHomeProject" */;
			buildPhases = (
				14EDDD2FC08C557F0D4B861D /* [CP] Check Pods Manifest.lock */,
				456F8DF9243CC12B007814FC /* Sources */,
				456F8DFA243CC12B007814FC /* Frameworks */,
				456F8DFB243CC12B007814FC /* Resources */,
				53257284EBF5CE9385C6AC94 /* [CP] Embed Pods Frameworks */,
			);
			buildRules = (
			);
			dependencies = (
			);
			name = MovaTakeHomeProject;
			productName = MovaTakeHomeProject;
			productReference = 456F8DFD243CC12B007814FC /* MovaTakeHomeProject.app */;
			productType = "com.apple.product-type.application";
		};
/* End PBXNativeTarget section */

/* Begin PBXProject section */
		456F8DF5243CC12B007814FC /* Project object */ = {
			isa = PBXProject;
			attributes = {
				LastSwiftUpdateCheck = 1140;
				LastUpgradeCheck = 1140;
				ORGANIZATIONNAME = "Sergey Yelmanov";
				TargetAttributes = {
					456F8DFC243CC12B007814FC = {
						CreatedOnToolsVersion = 11.4;
					};
				};
			};
			buildConfigurationList = 456F8DF8243CC12B007814FC /* Build configuration list for PBXProject "MovaTakeHomeProject" */;
			compatibilityVersion = "Xcode 9.3";
			developmentRegion = en;
			hasScannedForEncodings = 0;
			knownRegions = (
				en,
				Base,
			);
			mainGroup = 456F8DF4243CC12B007814FC;
			productRefGroup = 456F8DFE243CC12B007814FC /* Products */;
			projectDirPath = "";
			projectRoot = "";
			targets = (
				456F8DFC243CC12B007814FC /* MovaTakeHomeProject */,
			);
		};
/* End PBXProject section */

/* Begin PBXResourcesBuildPhase section */
		456F8DFB243CC12B007814FC /* Resources */ = {
			isa = PBXResourcesBuildPhase;
			buildActionMask = 2147483647;
			files = (
				456F8E0D243CC12D007814FC /* LaunchScreen.storyboard in Resources */,
				456F8E0A243CC12D007814FC /* Assets.xcassets in Resources */,
			);
			runOnlyForDeploymentPostprocessing = 0;
		};
/* End PBXResourcesBuildPhase section */

/* Begin PBXShellScriptBuildPhase section */
		14EDDD2FC08C557F0D4B861D /* [CP] Check Pods Manifest.lock */ = {
			isa = PBXShellScriptBuildPhase;
			buildActionMask = 2147483647;
			files = (
			);
			inputFileListPaths = (
			);
			inputPaths = (
				"${PODS_PODFILE_DIR_PATH}/Podfile.lock",
				"${PODS_ROOT}/Manifest.lock",
			);
			name = "[CP] Check Pods Manifest.lock";
			outputFileListPaths = (
			);
			outputPaths = (
				"$(DERIVED_FILE_DIR)/Pods-MovaTakeHomeProject-checkManifestLockResult.txt",
			);
			runOnlyForDeploymentPostprocessing = 0;
			shellPath = /bin/sh;
			shellScript = "diff \"${PODS_PODFILE_DIR_PATH}/Podfile.lock\" \"${PODS_ROOT}/Manifest.lock\" > /dev/null\nif [ $? != 0 ] ; then\n    # print error to STDERR\n    echo \"error: The sandbox is not in sync with the Podfile.lock. Run 'pod install' or update your CocoaPods installation.\" >&2\n    exit 1\nfi\n# This output is used by Xcode 'outputs' to avoid re-running this script phase.\necho \"SUCCESS\" > \"${SCRIPT_OUTPUT_FILE_0}\"\n";
			showEnvVarsInLog = 0;
		};
		53257284EBF5CE9385C6AC94 /* [CP] Embed Pods Frameworks */ = {
			isa = PBXShellScriptBuildPhase;
			buildActionMask = 2147483647;
			files = (
			);
			inputFileListPaths = (
				"${PODS_ROOT}/Target Support Files/Pods-MovaTakeHomeProject/Pods-MovaTakeHomeProject-frameworks-${CONFIGURATION}-input-files.xcfilelist",
			);
			name = "[CP] Embed Pods Frameworks";
			outputFileListPaths = (
				"${PODS_ROOT}/Target Support Files/Pods-MovaTakeHomeProject/Pods-MovaTakeHomeProject-frameworks-${CONFIGURATION}-output-files.xcfilelist",
			);
			runOnlyForDeploymentPostprocessing = 0;
			shellPath = /bin/sh;
			shellScript = "\"${PODS_ROOT}/Target Support Files/Pods-MovaTakeHomeProject/Pods-MovaTakeHomeProject-frameworks.sh\"\n";
			showEnvVarsInLog = 0;
		};
/* End PBXShellScriptBuildPhase section */

/* Begin PBXSourcesBuildPhase section */
		456F8DF9243CC12B007814FC /* Sources */ = {
			isa = PBXSourcesBuildPhase;
			buildActionMask = 2147483647;
			files = (
				45F63E54243DB71A00B2AFA9 /* Router.swift in Sources */,
				456F8E17243CDF8E007814FC /* PhotoCell.swift in Sources */,
				45F63E48243CE7CB00B2AFA9 /* UIImageView+Ext.swift in Sources */,
				45F63E52243DA6BB00B2AFA9 /* UIView+Ext.swift in Sources */,
				456F8E01243CC12B007814FC /* AppDelegate.swift in Sources */,
				45F63E4A243CEB7700B2AFA9 /* Photo.swift in Sources */,
				45F63E50243CF25400B2AFA9 /* RealmService.swift in Sources */,
				456F8E03243CC12B007814FC /* SceneDelegate.swift in Sources */,
				456F8E15243CD154007814FC /* PhotoListVC.swift in Sources */,
				45F63E4C243CEC1600B2AFA9 /* PhotoService.swift in Sources */,
				45F63E5E243DBB8700B2AFA9 /* UILabel+Ext.swift in Sources */,
				45F63E4E243CF17000B2AFA9 /* Constants.swift in Sources */,
			);
			runOnlyForDeploymentPostprocessing = 0;
		};
/* End PBXSourcesBuildPhase section */

/* Begin PBXVariantGroup section */
		456F8E0B243CC12D007814FC /* LaunchScreen.storyboard */ = {
			isa = PBXVariantGroup;
			children = (
				456F8E0C243CC12D007814FC /* Base */,
			);
			name = LaunchScreen.storyboard;
			sourceTree = "<group>";
		};
/* End PBXVariantGroup section */

/* Begin XCBuildConfiguration section */
		456F8E0F243CC12D007814FC /* Debug */ = {
			isa = XCBuildConfiguration;
			buildSettings = {
				ALWAYS_SEARCH_USER_PATHS = NO;
				CLANG_ANALYZER_NONNULL = YES;
				CLANG_ANALYZER_NUMBER_OBJECT_CONVERSION = YES_AGGRESSIVE;
				CLANG_CXX_LANGUAGE_STANDARD = "gnu++14";
				CLANG_CXX_LIBRARY = "libc++";
				CLANG_ENABLE_MODULES = YES;
				CLANG_ENABLE_OBJC_ARC = YES;
				CLANG_ENABLE_OBJC_WEAK = YES;
				CLANG_WARN_BLOCK_CAPTURE_AUTORELEASING = YES;
				CLANG_WARN_BOOL_CONVERSION = YES;
				CLANG_WARN_COMMA = YES;
				CLANG_WARN_CONSTANT_CONVERSION = YES;
				CLANG_WARN_DEPRECATED_OBJC_IMPLEMENTATIONS = YES;
				CLANG_WARN_DIRECT_OBJC_ISA_USAGE = YES_ERROR;
				CLANG_WARN_DOCUMENTATION_COMMENTS = YES;
				CLANG_WARN_EMPTY_BODY = YES;
				CLANG_WARN_ENUM_CONVERSION = YES;
				CLANG_WARN_INFINITE_RECURSION = YES;
				CLANG_WARN_INT_CONVERSION = YES;
				CLANG_WARN_NON_LITERAL_NULL_CONVERSION = YES;
				CLANG_WARN_OBJC_IMPLICIT_RETAIN_SELF = YES;
				CLANG_WARN_OBJC_LITERAL_CONVERSION = YES;
				CLANG_WARN_OBJC_ROOT_CLASS = YES_ERROR;
				CLANG_WARN_RANGE_LOOP_ANALYSIS = YES;
				CLANG_WARN_STRICT_PROTOTYPES = YES;
				CLANG_WARN_SUSPICIOUS_MOVE = YES;
				CLANG_WARN_UNGUARDED_AVAILABILITY = YES_AGGRESSIVE;
				CLANG_WARN_UNREACHABLE_CODE = YES;
				CLANG_WARN__DUPLICATE_METHOD_MATCH = YES;
				COPY_PHASE_STRIP = NO;
				DEBUG_INFORMATION_FORMAT = dwarf;
				ENABLE_STRICT_OBJC_MSGSEND = YES;
				ENABLE_TESTABILITY = YES;
				GCC_C_LANGUAGE_STANDARD = gnu11;
				GCC_DYNAMIC_NO_PIC = NO;
				GCC_NO_COMMON_BLOCKS = YES;
				GCC_OPTIMIZATION_LEVEL = 0;
				GCC_PREPROCESSOR_DEFINITIONS = (
					"DEBUG=1",
					"$(inherited)",
				);
				GCC_WARN_64_TO_32_BIT_CONVERSION = YES;
				GCC_WARN_ABOUT_RETURN_TYPE = YES_ERROR;
				GCC_WARN_UNDECLARED_SELECTOR = YES;
				GCC_WARN_UNINITIALIZED_AUTOS = YES_AGGRESSIVE;
				GCC_WARN_UNUSED_FUNCTION = YES;
				GCC_WARN_UNUSED_VARIABLE = YES;
				IPHONEOS_DEPLOYMENT_TARGET = 13.4;
				MTL_ENABLE_DEBUG_INFO = INCLUDE_SOURCE;
				MTL_FAST_MATH = YES;
				ONLY_ACTIVE_ARCH = YES;
				SDKROOT = iphoneos;
				SWIFT_ACTIVE_COMPILATION_CONDITIONS = DEBUG;
				SWIFT_OPTIMIZATION_LEVEL = "-Onone";
			};
			name = Debug;
		};
		456F8E10243CC12D007814FC /* Release */ = {
			isa = XCBuildConfiguration;
			buildSettings = {
				ALWAYS_SEARCH_USER_PATHS = NO;
				CLANG_ANALYZER_NONNULL = YES;
				CLANG_ANALYZER_NUMBER_OBJECT_CONVERSION = YES_AGGRESSIVE;
				CLANG_CXX_LANGUAGE_STANDARD = "gnu++14";
				CLANG_CXX_LIBRARY = "libc++";
				CLANG_ENABLE_MODULES = YES;
				CLANG_ENABLE_OBJC_ARC = YES;
				CLANG_ENABLE_OBJC_WEAK = YES;
				CLANG_WARN_BLOCK_CAPTURE_AUTORELEASING = YES;
				CLANG_WARN_BOOL_CONVERSION = YES;
				CLANG_WARN_COMMA = YES;
				CLANG_WARN_CONSTANT_CONVERSION = YES;
				CLANG_WARN_DEPRECATED_OBJC_IMPLEMENTATIONS = YES;
				CLANG_WARN_DIRECT_OBJC_ISA_USAGE = YES_ERROR;
				CLANG_WARN_DOCUMENTATION_COMMENTS = YES;
				CLANG_WARN_EMPTY_BODY = YES;
				CLANG_WARN_ENUM_CONVERSION = YES;
				CLANG_WARN_INFINITE_RECURSION = YES;
				CLANG_WARN_INT_CONVERSION = YES;
				CLANG_WARN_NON_LITERAL_NULL_CONVERSION = YES;
				CLANG_WARN_OBJC_IMPLICIT_RETAIN_SELF = YES;
				CLANG_WARN_OBJC_LITERAL_CONVERSION = YES;
				CLANG_WARN_OBJC_ROOT_CLASS = YES_ERROR;
				CLANG_WARN_RANGE_LOOP_ANALYSIS = YES;
				CLANG_WARN_STRICT_PROTOTYPES = YES;
				CLANG_WARN_SUSPICIOUS_MOVE = YES;
				CLANG_WARN_UNGUARDED_AVAILABILITY = YES_AGGRESSIVE;
				CLANG_WARN_UNREACHABLE_CODE = YES;
				CLANG_WARN__DUPLICATE_METHOD_MATCH = YES;
				COPY_PHASE_STRIP = NO;
				DEBUG_INFORMATION_FORMAT = "dwarf-with-dsym";
				ENABLE_NS_ASSERTIONS = NO;
				ENABLE_STRICT_OBJC_MSGSEND = YES;
				GCC_C_LANGUAGE_STANDARD = gnu11;
				GCC_NO_COMMON_BLOCKS = YES;
				GCC_WARN_64_TO_32_BIT_CONVERSION = YES;
				GCC_WARN_ABOUT_RETURN_TYPE = YES_ERROR;
				GCC_WARN_UNDECLARED_SELECTOR = YES;
				GCC_WARN_UNINITIALIZED_AUTOS = YES_AGGRESSIVE;
				GCC_WARN_UNUSED_FUNCTION = YES;
				GCC_WARN_UNUSED_VARIABLE = YES;
				IPHONEOS_DEPLOYMENT_TARGET = 13.4;
				MTL_ENABLE_DEBUG_INFO = NO;
				MTL_FAST_MATH = YES;
				SDKROOT = iphoneos;
				SWIFT_COMPILATION_MODE = wholemodule;
				SWIFT_OPTIMIZATION_LEVEL = "-O";
				VALIDATE_PRODUCT = YES;
			};
			name = Release;
		};
		456F8E12243CC12D007814FC /* Debug */ = {
			isa = XCBuildConfiguration;
			baseConfigurationReference = E4FAD9A16B48BC6406C2B5DF /* Pods-MovaTakeHomeProject.debug.xcconfig */;
			buildSettings = {
				ASSETCATALOG_COMPILER_APPICON_NAME = AppIcon;
				CODE_SIGN_STYLE = Automatic;
				DEVELOPMENT_TEAM = HJ5AVFBKU5;
				INFOPLIST_FILE = MovaTakeHomeProject/Info.plist;
				LD_RUNPATH_SEARCH_PATHS = (
					"$(inherited)",
					"@executable_path/Frameworks",
				);
				PRODUCT_BUNDLE_IDENTIFIER = yelmanov.sergey.MovaTakeHomeProject;
				PRODUCT_NAME = "$(TARGET_NAME)";
				SWIFT_VERSION = 5.0;
				TARGETED_DEVICE_FAMILY = 1;
			};
			name = Debug;
		};
		456F8E13243CC12D007814FC /* Release */ = {
			isa = XCBuildConfiguration;
			baseConfigurationReference = E0EF48B0E430A419FFFAC629 /* Pods-MovaTakeHomeProject.release.xcconfig */;
			buildSettings = {
				ASSETCATALOG_COMPILER_APPICON_NAME = AppIcon;
				CODE_SIGN_STYLE = Automatic;
				DEVELOPMENT_TEAM = HJ5AVFBKU5;
				INFOPLIST_FILE = MovaTakeHomeProject/Info.plist;
				LD_RUNPATH_SEARCH_PATHS = (
					"$(inherited)",
					"@executable_path/Frameworks",
				);
				PRODUCT_BUNDLE_IDENTIFIER = yelmanov.sergey.MovaTakeHomeProject;
				PRODUCT_NAME = "$(TARGET_NAME)";
				SWIFT_VERSION = 5.0;
				TARGETED_DEVICE_FAMILY = 1;
			};
			name = Release;
		};
/* End XCBuildConfiguration section */

/* Begin XCConfigurationList section */
		456F8DF8243CC12B007814FC /* Build configuration list for PBXProject "MovaTakeHomeProject" */ = {
			isa = XCConfigurationList;
			buildConfigurations = (
				456F8E0F243CC12D007814FC /* Debug */,
				456F8E10243CC12D007814FC /* Release */,
			);
			defaultConfigurationIsVisible = 0;
			defaultConfigurationName = Release;
		};
		456F8E11243CC12D007814FC /* Build configuration list for PBXNativeTarget "MovaTakeHomeProject" */ = {
			isa = XCConfigurationList;
			buildConfigurations = (
				456F8E12243CC12D007814FC /* Debug */,
				456F8E13243CC12D007814FC /* Release */,
			);
			defaultConfigurationIsVisible = 0;
			defaultConfigurationName = Release;
		};
/* End XCConfigurationList section */
	};
	rootObject = 456F8DF5243CC12B007814FC /* Project object */;
}
